
Microsoft Visual Studio Solution File, Format Version 12.00
# Visual Studio Version 16
VisualStudioVersion = 16.0.29519.87
MinimumVisualStudioVersion = 10.0.40219.1
Project("{FAE04EC0-301F-11D3-BF4B-00C04F79EFBC}") = "Tms.DataAccess", "Tms.DataAccess\Tms.DataAccess.csproj", "{52C11B69-9C7C-41D1-A0CA-4E5428C3E58E}"
EndProject
Project("{FAE04EC0-301F-11D3-BF4B-00C04F79EFBC}") = "Tms.Models", "Tms.Models\Tms.Models.csproj", "{8FACEB85-7CBC-4652-9DE1-63ECFD14CA89}"
EndProject
Project("{FAE04EC0-301F-11D3-BF4B-00C04F79EFBC}") = "Tms.Services", "Tms.Services\Tms.Services.csproj", "{6456777F-65D5-4470-AC8C-5BE508125A9F}"
EndProject
Project("{FAE04EC0-301F-11D3-BF4B-00C04F79EFBC}") = "Tms.Web", "Tms.Web\Tms.Web.csproj", "{45ED796E-8EEA-487D-8D08-4D0919360DFE}"
EndProject
Project("{FAE04EC0-301F-11D3-BF4B-00C04F79EFBC}") = "Tms.Web.Framework", "Tms.Web.Framework\Tms.Web.Framework.csproj", "{76D625A4-EE0F-4EA7-956B-93E0F4ECF30B}"
EndProject
Global
	GlobalSection(SolutionConfigurationPlatforms) = preSolution
		Debug|Any CPU = Debug|Any CPU
		Release|Any CPU = Release|Any CPU
	EndGlobalSection
	GlobalSection(ProjectConfigurationPlatforms) = postSolution
		{52C11B69-9C7C-41D1-A0CA-4E5428C3E58E}.Debug|Any CPU.ActiveCfg = Debug|Any CPU
		{52C11B69-9C7C-41D1-A0CA-4E5428C3E58E}.Debug|Any CPU.Build.0 = Debug|Any CPU
		{52C11B69-9C7C-41D1-A0CA-4E5428C3E58E}.Release|Any CPU.ActiveCfg = Release|Any CPU
		{52C11B69-9C7C-41D1-A0CA-4E5428C3E58E}.Release|Any CPU.Build.0 = Release|Any CPU
		{8FACEB85-7CBC-4652-9DE1-63ECFD14CA89}.Debug|Any CPU.ActiveCfg = Debug|Any CPU
		{8FACEB85-7CBC-4652-9DE1-63ECFD14CA89}.Debug|Any CPU.Build.0 = Debug|Any CPU
		{8FACEB85-7CBC-4652-9DE1-63ECFD14CA89}.Release|Any CPU.ActiveCfg = Release|Any CPU
		{8FACEB85-7CBC-4652-9DE1-63ECFD14CA89}.Release|Any CPU.Build.0 = Release|Any CPU
		{6456777F-65D5-4470-AC8C-5BE508125A9F}.Debug|Any CPU.ActiveCfg = Debug|Any CPU
		{6456777F-65D5-4470-AC8C-5BE508125A9F}.Debug|Any CPU.Build.0 = Debug|Any CPU
		{6456777F-65D5-4470-AC8C-5BE508125A9F}.Release|Any CPU.ActiveCfg = Release|Any CPU
		{6456777F-65D5-4470-AC8C-5BE508125A9F}.Release|Any CPU.Build.0 = Release|Any CPU
		{45ED796E-8EEA-487D-8D08-4D0919360DFE}.Debug|Any CPU.ActiveCfg = Debug|Any CPU
		{45ED796E-8EEA-487D-8D08-4D0919360DFE}.Debug|Any CPU.Build.0 = Debug|Any CPU
		{45ED796E-8EEA-487D-8D08-4D0919360DFE}.Release|Any CPU.ActiveCfg = Debug|Any CPU
		{45ED796E-8EEA-487D-8D08-4D0919360DFE}.Release|Any CPU.Build.0 = Debug|Any CPU
		{76D625A4-EE0F-4EA7-956B-93E0F4ECF30B}.Debug|Any CPU.ActiveCfg = Debug|Any CPU
		{76D625A4-EE0F-4EA7-956B-93E0F4ECF30B}.Debug|Any CPU.Build.0 = Debug|Any CPU
		{76D625A4-EE0F-4EA7-956B-93E0F4ECF30B}.Release|Any CPU.ActiveCfg = Release|Any CPU
		{76D625A4-EE0F-4EA7-956B-93E0F4ECF30B}.Release|Any CPU.Build.0 = Release|Any CPU
	EndGlobalSection
	GlobalSection(SolutionProperties) = preSolution
		HideSolutionNode = FALSE
	EndGlobalSection
	GlobalSection(ExtensibilityGlobals) = postSolution
		SolutionGuid = {2DBCE424-4C65-4022-89CC-5E5E673D05FE}
	EndGlobalSection
EndGlobal
